
Microsoft Visual Studio Solution File, Format Version 12.00
# Visual Studio Version 16
VisualStudioVersion = 16.0.810.17
MinimumVisualStudioVersion = 10.0.40219.1
Project("{FAE04EC0-301F-11D3-BF4B-00C04F79EFBC}") = "TestNugetIvanDJ", "TestNugetIvanDJ.csproj", "{B84372DE-C42F-4227-BCA0-4BE3DB1E7C6E}"
EndProject
Global
	GlobalSection(SolutionConfigurationPlatforms) = preSolution
		Debug|Any CPU = Debug|Any CPU
		Release|Any CPU = Release|Any CPU
	EndGlobalSection
	GlobalSection(ProjectConfigurationPlatforms) = postSolution
		{B84372DE-C42F-4227-BCA0-4BE3DB1E7C6E}.Debug|Any CPU.ActiveCfg = Debug|Any CPU
		{B84372DE-C42F-4227-BCA0-4BE3DB1E7C6E}.Debug|Any CPU.Build.0 = Debug|Any CPU
		{B84372DE-C42F-4227-BCA0-4BE3DB1E7C6E}.Release|Any CPU.ActiveCfg = Release|Any CPU
		{B84372DE-C42F-4227-BCA0-4BE3DB1E7C6E}.Release|Any CPU.Build.0 = Release|Any CPU
	EndGlobalSection
	GlobalSection(SolutionProperties) = preSolution
		HideSolutionNode = FALSE
	EndGlobalSection
	GlobalSection(ExtensibilityGlobals) = postSolution
		SolutionGuid = {E1C71850-B142-4818-8D72-3159D58AB009}
	EndGlobalSection
EndGlobal
